
Microsoft Visual Studio Solution File, Format Version 12.00
# Visual Studio 14
VisualStudioVersion = 14.0.24720.0
MinimumVisualStudioVersion = 10.0.40219.1
Project("{FAE04EC0-301F-11D3-BF4B-00C04F79EFBC}") = "TH-book-gallery-project", "TH-book-gallery-project\TH-book-gallery-project.csproj", "{CB56B94F-E0A7-49B9-B660-5242E9D3091B}"
EndProject
Global
	GlobalSection(SolutionConfigurationPlatforms) = preSolution
		Debug|Any CPU = Debug|Any CPU
		Release|Any CPU = Release|Any CPU
	EndGlobalSection
	GlobalSection(ProjectConfigurationPlatforms) = postSolution
		{CB56B94F-E0A7-49B9-B660-5242E9D3091B}.Debug|Any CPU.ActiveCfg = Debug|Any CPU
		{CB56B94F-E0A7-49B9-B660-5242E9D3091B}.Debug|Any CPU.Build.0 = Debug|Any CPU
		{CB56B94F-E0A7-49B9-B660-5242E9D3091B}.Release|Any CPU.ActiveCfg = Release|Any CPU
		{CB56B94F-E0A7-49B9-B660-5242E9D3091B}.Release|Any CPU.Build.0 = Release|Any CPU
	EndGlobalSection
	GlobalSection(SolutionProperties) = preSolution
		HideSolutionNode = FALSE
	EndGlobalSection
EndGlobal
